// !$*UTF8*$!
{
	archiveVersion = 1;
	classes = {
	};
	objectVersion = 50;
	objects = {

/* Begin PBXBuildFile section */
		22ED2CE4230A412F00B43443 /* AppDelegate.swift in Sources */ = {isa = PBXBuildFile; fileRef = 22ED2CE3230A412F00B43443 /* AppDelegate.swift */; };
		22ED2CE6230A412F00B43443 /* ViewController.swift in Sources */ = {isa = PBXBuildFile; fileRef = 22ED2CE5230A412F00B43443 /* ViewController.swift */; };
		22ED2CE9230A412F00B43443 /* Main.storyboard in Resources */ = {isa = PBXBuildFile; fileRef = 22ED2CE7230A412F00B43443 /* Main.storyboard */; };
		22ED2CEC230A412F00B43443 /* SelectionViewAssignment.xcdatamodeld in Sources */ = {isa = PBXBuildFile; fileRef = 22ED2CEA230A412F00B43443 /* SelectionViewAssignment.xcdatamodeld */; };
		22ED2CEE230A413000B43443 /* Assets.xcassets in Resources */ = {isa = PBXBuildFile; fileRef = 22ED2CED230A413000B43443 /* Assets.xcassets */; };
		22ED2CF1230A413000B43443 /* LaunchScreen.storyboard in Resources */ = {isa = PBXBuildFile; fileRef = 22ED2CEF230A413000B43443 /* LaunchScreen.storyboard */; };
		22ED2CF9230A433B00B43443 /* SelectionViewProtocol.swift in Sources */ = {isa = PBXBuildFile; fileRef = 22ED2CF8230A433B00B43443 /* SelectionViewProtocol.swift */; };
/* End PBXBuildFile section */

/* Begin PBXFileReference section */
		22ED2CE0230A412F00B43443 /* SelectionViewAssignment.app */ = {isa = PBXFileReference; explicitFileType = wrapper.application; includeInIndex = 0; path = SelectionViewAssignment.app; sourceTree = BUILT_PRODUCTS_DIR; };
		22ED2CE3230A412F00B43443 /* AppDelegate.swift */ = {isa = PBXFileReference; lastKnownFileType = sourcecode.swift; path = AppDelegate.swift; sourceTree = "<group>"; };
		22ED2CE5230A412F00B43443 /* ViewController.swift */ = {isa = PBXFileReference; lastKnownFileType = sourcecode.swift; path = ViewController.swift; sourceTree = "<group>"; };
		22ED2CE8230A412F00B43443 /* Base */ = {isa = PBXFileReference; lastKnownFileType = file.storyboard; name = Base; path = Base.lproj/Main.storyboard; sourceTree = "<group>"; };
		22ED2CEB230A412F00B43443 /* SelectionViewAssignment.xcdatamodel */ = {isa = PBXFileReference; lastKnownFileType = wrapper.xcdatamodel; path = SelectionViewAssignment.xcdatamodel; sourceTree = "<group>"; };
		22ED2CED230A413000B43443 /* Assets.xcassets */ = {isa = PBXFileReference; lastKnownFileType = folder.assetcatalog; path = Assets.xcassets; sourceTree = "<group>"; };
		22ED2CF0230A413000B43443 /* Base */ = {isa = PBXFileReference; lastKnownFileType = file.storyboard; name = Base; path = Base.lproj/LaunchScreen.storyboard; sourceTree = "<group>"; };
		22ED2CF2230A413000B43443 /* Info.plist */ = {isa = PBXFileReference; lastKnownFileType = text.plist.xml; path = Info.plist; sourceTree = "<group>"; };
		22ED2CF8230A433B00B43443 /* SelectionViewProtocol.swift */ = {isa = PBXFileReference; lastKnownFileType = sourcecode.swift; path = SelectionViewProtocol.swift; sourceTree = "<group>"; };
/* End PBXFileReference section */

/* Begin PBXFrameworksBuildPhase section */
		22ED2CDD230A412F00B43443 /* Frameworks */ = {
			isa = PBXFrameworksBuildPhase;
			buildActionMask = 2147483647;
			files = (
			);
			runOnlyForDeploymentPostprocessing = 0;
		};
/* End PBXFrameworksBuildPhase section */

/* Begin PBXGroup section */
		22ED2CD7230A412F00B43443 = {
			isa = PBXGroup;
			children = (
				22ED2CE2230A412F00B43443 /* SelectionViewAssignment */,
				22ED2CE1230A412F00B43443 /* Products */,
			);
			sourceTree = "<group>";
		};
		22ED2CE1230A412F00B43443 /* Products */ = {
			isa = PBXGroup;
			children = (
				22ED2CE0230A412F00B43443 /* SelectionViewAssignment.app */,
			);
			name = Products;
			sourceTree = "<group>";
		};
		22ED2CE2230A412F00B43443 /* SelectionViewAssignment */ = {
			isa = PBXGroup;
			children = (
				22ED2CE3230A412F00B43443 /* AppDelegate.swift */,
				22ED2CE7230A412F00B43443 /* Main.storyboard */,
				22ED2CED230A413000B43443 /* Assets.xcassets */,
				22ED2CEF230A413000B43443 /* LaunchScreen.storyboard */,
				22ED2CF2230A413000B43443 /* Info.plist */,
				22ED2CEA230A412F00B43443 /* SelectionViewAssignment.xcdatamodeld */,
				22ED2CE5230A412F00B43443 /* ViewController.swift */,
				22ED2CF8230A433B00B43443 /* SelectionViewProtocol.swift */,
			);
			path = SelectionViewAssignment;
			sourceTree = "<group>";
		};
/* End PBXGroup section */

/* Begin PBXNativeTarget section */
		22ED2CDF230A412F00B43443 /* SelectionViewAssignment */ = {
			isa = PBXNativeTarget;
			buildConfigurationList = 22ED2CF5230A413000B43443 /* Build configuration list for PBXNativeTarget "SelectionViewAssignment" */;
			buildPhases = (
				22ED2CDC230A412F00B43443 /* Sources */,
				22ED2CDD230A412F00B43443 /* Frameworks */,
				22ED2CDE230A412F00B43443 /* Resources */,
			);
			buildRules = (
			);
			dependencies = (
			);
			name = SelectionViewAssignment;
			productName = SelectionViewAssignment;
			productReference = 22ED2CE0230A412F00B43443 /* SelectionViewAssignment.app */;
			productType = "com.apple.product-type.application";
		};
/* End PBXNativeTarget section */

/* Begin PBXProject section */
		22ED2CD8230A412F00B43443 /* Project object */ = {
			isa = PBXProject;
			attributes = {
				LastSwiftUpdateCheck = 1030;
				LastUpgradeCheck = 1030;
				ORGANIZATIONNAME = PanLiHsiang;
				TargetAttributes = {
					22ED2CDF230A412F00B43443 = {
						CreatedOnToolsVersion = 10.3;
					};
				};
			};
			buildConfigurationList = 22ED2CDB230A412F00B43443 /* Build configuration list for PBXProject "SelectionViewAssignment" */;
			compatibilityVersion = "Xcode 9.3";
			developmentRegion = en;
			hasScannedForEncodings = 0;
			knownRegions = (
				en,
				Base,
			);
			mainGroup = 22ED2CD7230A412F00B43443;
			productRefGroup = 22ED2CE1230A412F00B43443 /* Products */;
			projectDirPath = "";
			projectRoot = "";
			targets = (
				22ED2CDF230A412F00B43443 /* SelectionViewAssignment */,
			);
		};
/* End PBXProject section */

/* Begin PBXResourcesBuildPhase section */
		22ED2CDE230A412F00B43443 /* Resources */ = {
			isa = PBXResourcesBuildPhase;
			buildActionMask = 2147483647;
			files = (
				22ED2CF1230A413000B43443 /* LaunchScreen.storyboard in Resources */,
				22ED2CEE230A413000B43443 /* Assets.xcassets in Resources */,
				22ED2CE9230A412F00B43443 /* Main.storyboard in Resources */,
			);
			runOnlyForDeploymentPostprocessing = 0;
		};
/* End PBXResourcesBuildPhase section */

/* Begin PBXSourcesBuildPhase section */
		22ED2CDC230A412F00B43443 /* Sources */ = {
			isa = PBXSourcesBuildPhase;
			buildActionMask = 2147483647;
			files = (
				22ED2CE6230A412F00B43443 /* ViewController.swift in Sources */,
				22ED2CF9230A433B00B43443 /* SelectionViewProtocol.swift in Sources */,
				22ED2CEC230A412F00B43443 /* SelectionViewAssignment.xcdatamodeld in Sources */,
				22ED2CE4230A412F00B43443 /* AppDelegate.swift in Sources */,
			);
			runOnlyForDeploymentPostprocessing = 0;
		};
/* End PBXSourcesBuildPhase section */

/* Begin PBXVariantGroup section */
		22ED2CE7230A412F00B43443 /* Main.storyboard */ = {
			isa = PBXVariantGroup;
			children = (
				22ED2CE8230A412F00B43443 /* Base */,
			);
			name = Main.storyboard;
			sourceTree = "<group>";
		};
		22ED2CEF230A413000B43443 /* LaunchScreen.storyboard */ = {
			isa = PBXVariantGroup;
			children = (
				22ED2CF0230A413000B43443 /* Base */,
			);
			name = LaunchScreen.storyboard;
			sourceTree = "<group>";
		};
/* End PBXVariantGroup section */

/* Begin XCBuildConfiguration section */
		22ED2CF3230A413000B43443 /* Debug */ = {
			isa = XCBuildConfiguration;
			buildSettings = {
				ALWAYS_SEARCH_USER_PATHS = NO;
				CLANG_ANALYZER_NONNULL = YES;
				CLANG_ANALYZER_NUMBER_OBJECT_CONVERSION = YES_AGGRESSIVE;
				CLANG_CXX_LANGUAGE_STANDARD = "gnu++14";
				CLANG_CXX_LIBRARY = "libc++";
				CLANG_ENABLE_MODULES = YES;
				CLANG_ENABLE_OBJC_ARC = YES;
				CLANG_ENABLE_OBJC_WEAK = YES;
				CLANG_WARN_BLOCK_CAPTURE_AUTORELEASING = YES;
				CLANG_WARN_BOOL_CONVERSION = YES;
				CLANG_WARN_COMMA = YES;
				CLANG_WARN_CONSTANT_CONVERSION = YES;
				CLANG_WARN_DEPRECATED_OBJC_IMPLEMENTATIONS = YES;
				CLANG_WARN_DIRECT_OBJC_ISA_USAGE = YES_ERROR;
				CLANG_WARN_DOCUMENTATION_COMMENTS = YES;
				CLANG_WARN_EMPTY_BODY = YES;
				CLANG_WARN_ENUM_CONVERSION = YES;
				CLANG_WARN_INFINITE_RECURSION = YES;
				CLANG_WARN_INT_CONVERSION = YES;
				CLANG_WARN_NON_LITERAL_NULL_CONVERSION = YES;
				CLANG_WARN_OBJC_IMPLICIT_RETAIN_SELF = YES;
				CLANG_WARN_OBJC_LITERAL_CONVERSION = YES;
				CLANG_WARN_OBJC_ROOT_CLASS = YES_ERROR;
				CLANG_WARN_RANGE_LOOP_ANALYSIS = YES;
				CLANG_WARN_STRICT_PROTOTYPES = YES;
				CLANG_WARN_SUSPICIOUS_MOVE = YES;
				CLANG_WARN_UNGUARDED_AVAILABILITY = YES_AGGRESSIVE;
				CLANG_WARN_UNREACHABLE_CODE = YES;
				CLANG_WARN__DUPLICATE_METHOD_MATCH = YES;
				CODE_SIGN_IDENTITY = "iPhone Developer";
				COPY_PHASE_STRIP = NO;
				DEBUG_INFORMATION_FORMAT = dwarf;
				ENABLE_STRICT_OBJC_MSGSEND = YES;
				ENABLE_TESTABILITY = YES;
				GCC_C_LANGUAGE_STANDARD = gnu11;
				GCC_DYNAMIC_NO_PIC = NO;
				GCC_NO_COMMON_BLOCKS = YES;
				GCC_OPTIMIZATION_LEVEL = 0;
				GCC_PREPROCESSOR_DEFINITIONS = (
					"DEBUG=1",
					"$(inherited)",
				);
				GCC_WARN_64_TO_32_BIT_CONVERSION = YES;
				GCC_WARN_ABOUT_RETURN_TYPE = YES_ERROR;
				GCC_WARN_UNDECLARED_SELECTOR = YES;
				GCC_WARN_UNINITIALIZED_AUTOS = YES_AGGRESSIVE;
				GCC_WARN_UNUSED_FUNCTION = YES;
				GCC_WARN_UNUSED_VARIABLE = YES;
				IPHONEOS_DEPLOYMENT_TARGET = 12.4;
				MTL_ENABLE_DEBUG_INFO = INCLUDE_SOURCE;
				MTL_FAST_MATH = YES;
				ONLY_ACTIVE_ARCH = YES;
				SDKROOT = iphoneos;
				SWIFT_ACTIVE_COMPILATION_CONDITIONS = DEBUG;
				SWIFT_OPTIMIZATION_LEVEL = "-Onone";
			};
			name = Debug;
		};
		22ED2CF4230A413000B43443 /* Release */ = {
			isa = XCBuildConfiguration;
			buildSettings = {
				ALWAYS_SEARCH_USER_PATHS = NO;
				CLANG_ANALYZER_NONNULL = YES;
				CLANG_ANALYZER_NUMBER_OBJECT_CONVERSION = YES_AGGRESSIVE;
				CLANG_CXX_LANGUAGE_STANDARD = "gnu++14";
				CLANG_CXX_LIBRARY = "libc++";
				CLANG_ENABLE_MODULES = YES;
				CLANG_ENABLE_OBJC_ARC = YES;
				CLANG_ENABLE_OBJC_WEAK = YES;
				CLANG_WARN_BLOCK_CAPTURE_AUTORELEASING = YES;
				CLANG_WARN_BOOL_CONVERSION = YES;
				CLANG_WARN_COMMA = YES;
				CLANG_WARN_CONSTANT_CONVERSION = YES;
				CLANG_WARN_DEPRECATED_OBJC_IMPLEMENTATIONS = YES;
				CLANG_WARN_DIRECT_OBJC_ISA_USAGE = YES_ERROR;
				CLANG_WARN_DOCUMENTATION_COMMENTS = YES;
				CLANG_WARN_EMPTY_BODY = YES;
				CLANG_WARN_ENUM_CONVERSION = YES;
				CLANG_WARN_INFINITE_RECURSION = YES;
				CLANG_WARN_INT_CONVERSION = YES;
				CLANG_WARN_NON_LITERAL_NULL_CONVERSION = YES;
				CLANG_WARN_OBJC_IMPLICIT_RETAIN_SELF = YES;
				CLANG_WARN_OBJC_LITERAL_CONVERSION = YES;
				CLANG_WARN_OBJC_ROOT_CLASS = YES_ERROR;
				CLANG_WARN_RANGE_LOOP_ANALYSIS = YES;
				CLANG_WARN_STRICT_PROTOTYPES = YES;
				CLANG_WARN_SUSPICIOUS_MOVE = YES;
				CLANG_WARN_UNGUARDED_AVAILABILITY = YES_AGGRESSIVE;
				CLANG_WARN_UNREACHABLE_CODE = YES;
				CLANG_WARN__DUPLICATE_METHOD_MATCH = YES;
				CODE_SIGN_IDENTITY = "iPhone Developer";
				COPY_PHASE_STRIP = NO;
				DEBUG_INFORMATION_FORMAT = "dwarf-with-dsym";
				ENABLE_NS_ASSERTIONS = NO;
				ENABLE_STRICT_OBJC_MSGSEND = YES;
				GCC_C_LANGUAGE_STANDARD = gnu11;
				GCC_NO_COMMON_BLOCKS = YES;
				GCC_WARN_64_TO_32_BIT_CONVERSION = YES;
				GCC_WARN_ABOUT_RETURN_TYPE = YES_ERROR;
				GCC_WARN_UNDECLARED_SELECTOR = YES;
				GCC_WARN_UNINITIALIZED_AUTOS = YES_AGGRESSIVE;
				GCC_WARN_UNUSED_FUNCTION = YES;
				GCC_WARN_UNUSED_VARIABLE = YES;
				IPHONEOS_DEPLOYMENT_TARGET = 12.4;
				MTL_ENABLE_DEBUG_INFO = NO;
				MTL_FAST_MATH = YES;
				SDKROOT = iphoneos;
				SWIFT_COMPILATION_MODE = wholemodule;
				SWIFT_OPTIMIZATION_LEVEL = "-O";
				VALIDATE_PRODUCT = YES;
			};
			name = Release;
		};
		22ED2CF6230A413000B43443 /* Debug */ = {
			isa = XCBuildConfiguration;
			buildSettings = {
				ASSETCATALOG_COMPILER_APPICON_NAME = AppIcon;
				CODE_SIGN_STYLE = Automatic;
				INFOPLIST_FILE = SelectionViewAssignment/Info.plist;
				LD_RUNPATH_SEARCH_PATHS = (
					"$(inherited)",
					"@executable_path/Frameworks",
				);
				PRODUCT_BUNDLE_IDENTIFIER = com.PersonalProject.SelectionViewAssignment;
				PRODUCT_NAME = "$(TARGET_NAME)";
				SWIFT_VERSION = 5.0;
				TARGETED_DEVICE_FAMILY = "1,2";
			};
			name = Debug;
		};
		22ED2CF7230A413000B43443 /* Release */ = {
			isa = XCBuildConfiguration;
			buildSettings = {
				ASSETCATALOG_COMPILER_APPICON_NAME = AppIcon;
				CODE_SIGN_STYLE = Automatic;
				INFOPLIST_FILE = SelectionViewAssignment/Info.plist;
				LD_RUNPATH_SEARCH_PATHS = (
					"$(inherited)",
					"@executable_path/Frameworks",
				);
				PRODUCT_BUNDLE_IDENTIFIER = com.PersonalProject.SelectionViewAssignment;
				PRODUCT_NAME = "$(TARGET_NAME)";
				SWIFT_VERSION = 5.0;
				TARGETED_DEVICE_FAMILY = "1,2";
			};
			name = Release;
		};
/* End XCBuildConfiguration section */

/* Begin XCConfigurationList section */
		22ED2CDB230A412F00B43443 /* Build configuration list for PBXProject "SelectionViewAssignment" */ = {
			isa = XCConfigurationList;
			buildConfigurations = (
				22ED2CF3230A413000B43443 /* Debug */,
				22ED2CF4230A413000B43443 /* Release */,
			);
			defaultConfigurationIsVisible = 0;
			defaultConfigurationName = Release;
		};
		22ED2CF5230A413000B43443 /* Build configuration list for PBXNativeTarget "SelectionViewAssignment" */ = {
			isa = XCConfigurationList;
			buildConfigurations = (
				22ED2CF6230A413000B43443 /* Debug */,
				22ED2CF7230A413000B43443 /* Release */,
			);
			defaultConfigurationIsVisible = 0;
			defaultConfigurationName = Release;
		};
/* End XCConfigurationList section */

/* Begin XCVersionGroup section */
		22ED2CEA230A412F00B43443 /* SelectionViewAssignment.xcdatamodeld */ = {
			isa = XCVersionGroup;
			children = (
				22ED2CEB230A412F00B43443 /* SelectionViewAssignment.xcdatamodel */,
			);
			currentVersion = 22ED2CEB230A412F00B43443 /* SelectionViewAssignment.xcdatamodel */;
			path = SelectionViewAssignment.xcdatamodeld;
			sourceTree = "<group>";
			versionGroupType = wrapper.xcdatamodel;
		};
/* End XCVersionGroup section */
	};
	rootObject = 22ED2CD8230A412F00B43443 /* Project object */;
}
